
Microsoft Visual Studio Solution File, Format Version 12.00
# Visual Studio Version 17
VisualStudioVersion = 17.3.32804.467
MinimumVisualStudioVersion = 10.0.40219.1
Project("{FAE04EC0-301F-11D3-BF4B-00C04F79EFBC}") = "PL", "ExamenCrudSqlClient\PL.csproj", "{C12D44D2-C306-44C9-BDE3-CDB6D2CD5584}"
EndProject
Project("{FAE04EC0-301F-11D3-BF4B-00C04F79EFBC}") = "BL", "BL\BL.csproj", "{E882A73B-3F14-4084-BCC1-547058B9AC85}"
EndProject
Project("{FAE04EC0-301F-11D3-BF4B-00C04F79EFBC}") = "ML", "ML\ML.csproj", "{D0ABC997-9377-421E-9DF3-C5B15A74D01E}"
EndProject
Project("{FAE04EC0-301F-11D3-BF4B-00C04F79EFBC}") = "DL", "DL\DL.csproj", "{A3C6C99A-E14B-460E-B394-66FA27CC8978}"
EndProject
Global
	GlobalSection(SolutionConfigurationPlatforms) = preSolution
		Debug|Any CPU = Debug|Any CPU
		Release|Any CPU = Release|Any CPU
	EndGlobalSection
	GlobalSection(ProjectConfigurationPlatforms) = postSolution
		{C12D44D2-C306-44C9-BDE3-CDB6D2CD5584}.Debug|Any CPU.ActiveCfg = Debug|Any CPU
		{C12D44D2-C306-44C9-BDE3-CDB6D2CD5584}.Debug|Any CPU.Build.0 = Debug|Any CPU
		{C12D44D2-C306-44C9-BDE3-CDB6D2CD5584}.Release|Any CPU.ActiveCfg = Release|Any CPU
		{C12D44D2-C306-44C9-BDE3-CDB6D2CD5584}.Release|Any CPU.Build.0 = Release|Any CPU
		{E882A73B-3F14-4084-BCC1-547058B9AC85}.Debug|Any CPU.ActiveCfg = Debug|Any CPU
		{E882A73B-3F14-4084-BCC1-547058B9AC85}.Debug|Any CPU.Build.0 = Debug|Any CPU
		{E882A73B-3F14-4084-BCC1-547058B9AC85}.Release|Any CPU.ActiveCfg = Release|Any CPU
		{E882A73B-3F14-4084-BCC1-547058B9AC85}.Release|Any CPU.Build.0 = Release|Any CPU
		{D0ABC997-9377-421E-9DF3-C5B15A74D01E}.Debug|Any CPU.ActiveCfg = Debug|Any CPU
		{D0ABC997-9377-421E-9DF3-C5B15A74D01E}.Debug|Any CPU.Build.0 = Debug|Any CPU
		{D0ABC997-9377-421E-9DF3-C5B15A74D01E}.Release|Any CPU.ActiveCfg = Release|Any CPU
		{D0ABC997-9377-421E-9DF3-C5B15A74D01E}.Release|Any CPU.Build.0 = Release|Any CPU
		{A3C6C99A-E14B-460E-B394-66FA27CC8978}.Debug|Any CPU.ActiveCfg = Debug|Any CPU
		{A3C6C99A-E14B-460E-B394-66FA27CC8978}.Debug|Any CPU.Build.0 = Debug|Any CPU
		{A3C6C99A-E14B-460E-B394-66FA27CC8978}.Release|Any CPU.ActiveCfg = Release|Any CPU
		{A3C6C99A-E14B-460E-B394-66FA27CC8978}.Release|Any CPU.Build.0 = Release|Any CPU
	EndGlobalSection
	GlobalSection(SolutionProperties) = preSolution
		HideSolutionNode = FALSE
	EndGlobalSection
	GlobalSection(ExtensibilityGlobals) = postSolution
		SolutionGuid = {C3A64BAF-C69B-472C-BED7-63B2AE53ABFA}
	EndGlobalSection
EndGlobal
